
Microsoft Visual Studio Solution File, Format Version 10.00
# Visual Studio 2008
Project("{FAE04EC0-301F-11D3-BF4B-00C04F79EFBC}") = "Dicom", "Dicom\Dicom.csproj", "{1EFC91C4-EEF8-4AE4-B512-24C00CA46D59}"
EndProject
Project("{FAE04EC0-301F-11D3-BF4B-00C04F79EFBC}") = "Dicom.Linq", "Dicom.Linq\Dicom.Linq.csproj", "{0EFE29C7-68C1-4865-8CD2-9FB1286D66EC}"
EndProject
Project("{2150E333-8FDC-42A3-9474-1A3956D46DE8}") = "JPEG", "JPEG", "{43ABD81D-D2B8-4752-ACFC-88117A71C6EC}"
EndProject
Project("{2150E333-8FDC-42A3-9474-1A3956D46DE8}") = "JPEG 2000", "JPEG 2000", "{336B6AF9-410D-4EC5-8FF6-BF7309DB3514}"
EndProject
Project("{2150E333-8FDC-42A3-9474-1A3956D46DE8}") = "Codec", "Codec", "{F5BBA4E7-6B22-47B1-AD16-92015D5F1644}"
EndProject
Project("{FAE04EC0-301F-11D3-BF4B-00C04F79EFBC}") = "Dicom.Dump", "Dicom.Dump\Dicom.Dump.csproj", "{4F37DE0C-23C3-4418-9A23-F84766CBB781}"
	ProjectSection(ProjectDependencies) = postProject
		{32E16839-E6EB-4336-91D6-27114F9C809F} = {32E16839-E6EB-4336-91D6-27114F9C809F}
		{49A12C92-B003-4AA8-BCE1-14CA49A77D4A} = {49A12C92-B003-4AA8-BCE1-14CA49A77D4A}
		{74455B97-3FFD-40AF-BEC2-3CE26939C1C8} = {74455B97-3FFD-40AF-BEC2-3CE26939C1C8}
		{CAF61199-23C1-4B66-9C17-7E9743396D0C} = {CAF61199-23C1-4B66-9C17-7E9743396D0C}
		{54238EA2-B49F-473C-99A2-0DD0C417005F} = {54238EA2-B49F-473C-99A2-0DD0C417005F}
		{5142D5A3-3053-454A-A737-97A0CB3F7F98} = {5142D5A3-3053-454A-A737-97A0CB3F7F98}
	EndProjectSection
EndProject
Project("{8BC9CEB8-8B4A-11D0-8D11-00A0C91BC942}") = "libijg16.x64", "Dicom.Codec.Jpeg\x64\libijg16.x64.vcproj", "{DD846D57-B93B-46C8-BFFF-AE4C11E408B3}"
EndProject
Project("{8BC9CEB8-8B4A-11D0-8D11-00A0C91BC942}") = "libijg12.x64", "Dicom.Codec.Jpeg\x64\libijg12.x64.vcproj", "{1B3557D4-1146-428A-AEC9-12CADF994527}"
EndProject
Project("{8BC9CEB8-8B4A-11D0-8D11-00A0C91BC942}") = "libijg8.x64", "Dicom.Codec.Jpeg\x64\libijg8.x64.vcproj", "{808528F3-15DC-4CC6-A15A-0F91CBDB54E6}"
EndProject
Project("{8BC9CEB8-8B4A-11D0-8D11-00A0C91BC942}") = "Dicom.Codec.Jpeg.x64", "Dicom.Codec.Jpeg\x64\Dicom.Codec.Jpeg.x64.vcproj", "{32E16839-E6EB-4336-91D6-27114F9C809F}"
	ProjectSection(ProjectDependencies) = postProject
		{DD846D57-B93B-46C8-BFFF-AE4C11E408B3} = {DD846D57-B93B-46C8-BFFF-AE4C11E408B3}
		{1B3557D4-1146-428A-AEC9-12CADF994527} = {1B3557D4-1146-428A-AEC9-12CADF994527}
		{808528F3-15DC-4CC6-A15A-0F91CBDB54E6} = {808528F3-15DC-4CC6-A15A-0F91CBDB54E6}
	EndProjectSection
EndProject
Project("{8BC9CEB8-8B4A-11D0-8D11-00A0C91BC942}") = "libijg16.x86", "Dicom.Codec.Jpeg\x86\libijg16.x86.vcproj", "{42273F26-DF8D-4C81-BD66-BA4617D3EEED}"
EndProject
Project("{8BC9CEB8-8B4A-11D0-8D11-00A0C91BC942}") = "libijg12.x86", "Dicom.Codec.Jpeg\x86\libijg12.x86.vcproj", "{8C2A5942-BE6B-4667-9849-A402CD71CD77}"
EndProject
Project("{8BC9CEB8-8B4A-11D0-8D11-00A0C91BC942}") = "libijg8.x86", "Dicom.Codec.Jpeg\x86\libijg8.x86.vcproj", "{EE84732B-EB26-4D43-BB55-B55421EE16C2}"
EndProject
Project("{8BC9CEB8-8B4A-11D0-8D11-00A0C91BC942}") = "Dicom.Codec.Jpeg.x86", "Dicom.Codec.Jpeg\x86\Dicom.Codec.Jpeg.x86.vcproj", "{54238EA2-B49F-473C-99A2-0DD0C417005F}"
	ProjectSection(ProjectDependencies) = postProject
		{42273F26-DF8D-4C81-BD66-BA4617D3EEED} = {42273F26-DF8D-4C81-BD66-BA4617D3EEED}
		{EE84732B-EB26-4D43-BB55-B55421EE16C2} = {EE84732B-EB26-4D43-BB55-B55421EE16C2}
		{8C2A5942-BE6B-4667-9849-A402CD71CD77} = {8C2A5942-BE6B-4667-9849-A402CD71CD77}
	EndProjectSection
EndProject
Project("{8BC9CEB8-8B4A-11D0-8D11-00A0C91BC942}") = "Dicom.Codec.Jpeg2000.x64", "Dicom.Codec.Jpeg2000\x64\Dicom.Codec.Jpeg2000.x64.vcproj", "{49A12C92-B003-4AA8-BCE1-14CA49A77D4A}"
EndProject
Project("{8BC9CEB8-8B4A-11D0-8D11-00A0C91BC942}") = "Dicom.Codec.Jpeg2000.x86", "Dicom.Codec.Jpeg2000\x86\Dicom.Codec.Jpeg2000.x86.vcproj", "{74455B97-3FFD-40AF-BEC2-3CE26939C1C8}"
EndProject
Project("{2150E333-8FDC-42A3-9474-1A3956D46DE8}") = "JPEG-LS", "JPEG-LS", "{0491F1CB-5DC0-49AD-8BDC-23081EC9D69E}"
EndProject
Project("{8BC9CEB8-8B4A-11D0-8D11-00A0C91BC942}") = "Dicom.Codec.JpegLs.x86", "Dicom.Codec.JpegLs\x86\Dicom.Codec.JpegLs.x86.vcproj", "{CAF61199-23C1-4B66-9C17-7E9743396D0C}"
EndProject
Project("{8BC9CEB8-8B4A-11D0-8D11-00A0C91BC942}") = "Dicom.Codec.JpegLs.x64", "Dicom.Codec.JpegLs\x64\Dicom.Codec.JpegLs.x64.vcproj", "{5142D5A3-3053-454A-A737-97A0CB3F7F98}"
EndProject
Project("{FAE04EC0-301F-11D3-BF4B-00C04F79EFBC}") = "Dicom.Scu", "Dicom.Scu\Dicom.Scu.csproj", "{D08C440B-4FE7-407F-8024-2CAB3F009DBE}"
EndProject
Global
	GlobalSection(SolutionConfigurationPlatforms) = preSolution
		Debug|Any CPU = Debug|Any CPU
		Release|Any CPU = Release|Any CPU
	EndGlobalSection
	GlobalSection(ProjectConfigurationPlatforms) = postSolution
		{1EFC91C4-EEF8-4AE4-B512-24C00CA46D59}.Debug|Any CPU.ActiveCfg = Debug|Any CPU
		{1EFC91C4-EEF8-4AE4-B512-24C00CA46D59}.Debug|Any CPU.Build.0 = Debug|Any CPU
		{1EFC91C4-EEF8-4AE4-B512-24C00CA46D59}.Release|Any CPU.ActiveCfg = Release|Any CPU
		{1EFC91C4-EEF8-4AE4-B512-24C00CA46D59}.Release|Any CPU.Build.0 = Release|Any CPU
		{0EFE29C7-68C1-4865-8CD2-9FB1286D66EC}.Debug|Any CPU.ActiveCfg = Debug|Any CPU
		{0EFE29C7-68C1-4865-8CD2-9FB1286D66EC}.Debug|Any CPU.Build.0 = Debug|Any CPU
		{0EFE29C7-68C1-4865-8CD2-9FB1286D66EC}.Release|Any CPU.ActiveCfg = Release|Any CPU
		{0EFE29C7-68C1-4865-8CD2-9FB1286D66EC}.Release|Any CPU.Build.0 = Release|Any CPU
		{4F37DE0C-23C3-4418-9A23-F84766CBB781}.Debug|Any CPU.ActiveCfg = Debug|Any CPU
		{4F37DE0C-23C3-4418-9A23-F84766CBB781}.Debug|Any CPU.Build.0 = Debug|Any CPU
		{4F37DE0C-23C3-4418-9A23-F84766CBB781}.Release|Any CPU.ActiveCfg = Release|Any CPU
		{4F37DE0C-23C3-4418-9A23-F84766CBB781}.Release|Any CPU.Build.0 = Release|Any CPU
		{DD846D57-B93B-46C8-BFFF-AE4C11E408B3}.Debug|Any CPU.ActiveCfg = Debug|x64
		{DD846D57-B93B-46C8-BFFF-AE4C11E408B3}.Debug|Any CPU.Build.0 = Debug|x64
		{DD846D57-B93B-46C8-BFFF-AE4C11E408B3}.Release|Any CPU.ActiveCfg = Release|x64
		{DD846D57-B93B-46C8-BFFF-AE4C11E408B3}.Release|Any CPU.Build.0 = Release|x64
		{1B3557D4-1146-428A-AEC9-12CADF994527}.Debug|Any CPU.ActiveCfg = Debug|x64
		{1B3557D4-1146-428A-AEC9-12CADF994527}.Debug|Any CPU.Build.0 = Debug|x64
		{1B3557D4-1146-428A-AEC9-12CADF994527}.Release|Any CPU.ActiveCfg = Release|x64
		{1B3557D4-1146-428A-AEC9-12CADF994527}.Release|Any CPU.Build.0 = Release|x64
		{808528F3-15DC-4CC6-A15A-0F91CBDB54E6}.Debug|Any CPU.ActiveCfg = Debug|x64
		{808528F3-15DC-4CC6-A15A-0F91CBDB54E6}.Debug|Any CPU.Build.0 = Debug|x64
		{808528F3-15DC-4CC6-A15A-0F91CBDB54E6}.Release|Any CPU.ActiveCfg = Release|x64
		{808528F3-15DC-4CC6-A15A-0F91CBDB54E6}.Release|Any CPU.Build.0 = Release|x64
		{32E16839-E6EB-4336-91D6-27114F9C809F}.Debug|Any CPU.ActiveCfg = Debug|x64
		{32E16839-E6EB-4336-91D6-27114F9C809F}.Debug|Any CPU.Build.0 = Debug|x64
		{32E16839-E6EB-4336-91D6-27114F9C809F}.Release|Any CPU.ActiveCfg = Release|x64
		{32E16839-E6EB-4336-91D6-27114F9C809F}.Release|Any CPU.Build.0 = Release|x64
		{42273F26-DF8D-4C81-BD66-BA4617D3EEED}.Debug|Any CPU.ActiveCfg = Debug|Win32
		{42273F26-DF8D-4C81-BD66-BA4617D3EEED}.Debug|Any CPU.Build.0 = Debug|Win32
		{42273F26-DF8D-4C81-BD66-BA4617D3EEED}.Release|Any CPU.ActiveCfg = Release|Win32
		{42273F26-DF8D-4C81-BD66-BA4617D3EEED}.Release|Any CPU.Build.0 = Release|Win32
		{8C2A5942-BE6B-4667-9849-A402CD71CD77}.Debug|Any CPU.ActiveCfg = Debug|Win32
		{8C2A5942-BE6B-4667-9849-A402CD71CD77}.Debug|Any CPU.Build.0 = Debug|Win32
		{8C2A5942-BE6B-4667-9849-A402CD71CD77}.Release|Any CPU.ActiveCfg = Release|Win32
		{8C2A5942-BE6B-4667-9849-A402CD71CD77}.Release|Any CPU.Build.0 = Release|Win32
		{EE84732B-EB26-4D43-BB55-B55421EE16C2}.Debug|Any CPU.ActiveCfg = Debug|Win32
		{EE84732B-EB26-4D43-BB55-B55421EE16C2}.Debug|Any CPU.Build.0 = Debug|Win32
		{EE84732B-EB26-4D43-BB55-B55421EE16C2}.Release|Any CPU.ActiveCfg = Release|Win32
		{EE84732B-EB26-4D43-BB55-B55421EE16C2}.Release|Any CPU.Build.0 = Release|Win32
		{54238EA2-B49F-473C-99A2-0DD0C417005F}.Debug|Any CPU.ActiveCfg = Debug|Win32
		{54238EA2-B49F-473C-99A2-0DD0C417005F}.Debug|Any CPU.Build.0 = Debug|Win32
		{54238EA2-B49F-473C-99A2-0DD0C417005F}.Release|Any CPU.ActiveCfg = Release|Win32
		{54238EA2-B49F-473C-99A2-0DD0C417005F}.Release|Any CPU.Build.0 = Release|Win32
		{49A12C92-B003-4AA8-BCE1-14CA49A77D4A}.Debug|Any CPU.ActiveCfg = Debug|x64
		{49A12C92-B003-4AA8-BCE1-14CA49A77D4A}.Debug|Any CPU.Build.0 = Debug|x64
		{49A12C92-B003-4AA8-BCE1-14CA49A77D4A}.Release|Any CPU.ActiveCfg = Release|x64
		{49A12C92-B003-4AA8-BCE1-14CA49A77D4A}.Release|Any CPU.Build.0 = Release|x64
		{74455B97-3FFD-40AF-BEC2-3CE26939C1C8}.Debug|Any CPU.ActiveCfg = Debug|Win32
		{74455B97-3FFD-40AF-BEC2-3CE26939C1C8}.Debug|Any CPU.Build.0 = Debug|Win32
		{74455B97-3FFD-40AF-BEC2-3CE26939C1C8}.Release|Any CPU.ActiveCfg = Release|Win32
		{74455B97-3FFD-40AF-BEC2-3CE26939C1C8}.Release|Any CPU.Build.0 = Release|Win32
		{CAF61199-23C1-4B66-9C17-7E9743396D0C}.Debug|Any CPU.ActiveCfg = Debug|Win32
		{CAF61199-23C1-4B66-9C17-7E9743396D0C}.Debug|Any CPU.Build.0 = Debug|Win32
		{CAF61199-23C1-4B66-9C17-7E9743396D0C}.Release|Any CPU.ActiveCfg = Release|Win32
		{CAF61199-23C1-4B66-9C17-7E9743396D0C}.Release|Any CPU.Build.0 = Release|Win32
		{5142D5A3-3053-454A-A737-97A0CB3F7F98}.Debug|Any CPU.ActiveCfg = Debug|x64
		{5142D5A3-3053-454A-A737-97A0CB3F7F98}.Debug|Any CPU.Build.0 = Debug|x64
		{5142D5A3-3053-454A-A737-97A0CB3F7F98}.Release|Any CPU.ActiveCfg = Release|x64
		{5142D5A3-3053-454A-A737-97A0CB3F7F98}.Release|Any CPU.Build.0 = Release|x64
		{D08C440B-4FE7-407F-8024-2CAB3F009DBE}.Debug|Any CPU.ActiveCfg = Debug|Any CPU
		{D08C440B-4FE7-407F-8024-2CAB3F009DBE}.Debug|Any CPU.Build.0 = Debug|Any CPU
		{D08C440B-4FE7-407F-8024-2CAB3F009DBE}.Release|Any CPU.ActiveCfg = Release|Any CPU
		{D08C440B-4FE7-407F-8024-2CAB3F009DBE}.Release|Any CPU.Build.0 = Release|Any CPU
	EndGlobalSection
	GlobalSection(SolutionProperties) = preSolution
		HideSolutionNode = FALSE
	EndGlobalSection
	GlobalSection(NestedProjects) = preSolution
		{336B6AF9-410D-4EC5-8FF6-BF7309DB3514} = {F5BBA4E7-6B22-47B1-AD16-92015D5F1644}
		{43ABD81D-D2B8-4752-ACFC-88117A71C6EC} = {F5BBA4E7-6B22-47B1-AD16-92015D5F1644}
		{0491F1CB-5DC0-49AD-8BDC-23081EC9D69E} = {F5BBA4E7-6B22-47B1-AD16-92015D5F1644}
		{49A12C92-B003-4AA8-BCE1-14CA49A77D4A} = {336B6AF9-410D-4EC5-8FF6-BF7309DB3514}
		{74455B97-3FFD-40AF-BEC2-3CE26939C1C8} = {336B6AF9-410D-4EC5-8FF6-BF7309DB3514}
		{DD846D57-B93B-46C8-BFFF-AE4C11E408B3} = {43ABD81D-D2B8-4752-ACFC-88117A71C6EC}
		{1B3557D4-1146-428A-AEC9-12CADF994527} = {43ABD81D-D2B8-4752-ACFC-88117A71C6EC}
		{808528F3-15DC-4CC6-A15A-0F91CBDB54E6} = {43ABD81D-D2B8-4752-ACFC-88117A71C6EC}
		{32E16839-E6EB-4336-91D6-27114F9C809F} = {43ABD81D-D2B8-4752-ACFC-88117A71C6EC}
		{42273F26-DF8D-4C81-BD66-BA4617D3EEED} = {43ABD81D-D2B8-4752-ACFC-88117A71C6EC}
		{8C2A5942-BE6B-4667-9849-A402CD71CD77} = {43ABD81D-D2B8-4752-ACFC-88117A71C6EC}
		{EE84732B-EB26-4D43-BB55-B55421EE16C2} = {43ABD81D-D2B8-4752-ACFC-88117A71C6EC}
		{54238EA2-B49F-473C-99A2-0DD0C417005F} = {43ABD81D-D2B8-4752-ACFC-88117A71C6EC}
		{CAF61199-23C1-4B66-9C17-7E9743396D0C} = {0491F1CB-5DC0-49AD-8BDC-23081EC9D69E}
		{5142D5A3-3053-454A-A737-97A0CB3F7F98} = {0491F1CB-5DC0-49AD-8BDC-23081EC9D69E}
	EndGlobalSection
EndGlobal
