<?xml version="1.0" encoding="utf-8"?>
<Project ToolsVersion="4.0" xmlns="http://schemas.microsoft.com/developer/msbuild/2003">
  <ItemGroup>
    <Filter Include="Header Files">
      <UniqueIdentifier>{668257fc-42fb-43f5-850e-15f65667219b}</UniqueIdentifier>
    </Filter>
    <Filter Include="Source Files">
      <UniqueIdentifier>{eaa2af6b-c19d-48fb-8c8a-6eb236420116}</UniqueIdentifier>
    </Filter>
    <Filter Include="Header Files\OpenJPEG">
      <UniqueIdentifier>{c9d81a7b-0fad-4bde-94d7-5e255fb0cda2}</UniqueIdentifier>
    </Filter>
    <Filter Include="Source Files\OpenJPEG">
      <UniqueIdentifier>{419f526b-1052-4ca1-b1cb-0202fe1bb582}</UniqueIdentifier>
    </Filter>
    <Filter Include="Header Files\CharLS">
      <UniqueIdentifier>{0014a106-fdf2-4e89-bd6e-ad370c834cd8}</UniqueIdentifier>
    </Filter>
    <Filter Include="Source Files\CharLS">
      <UniqueIdentifier>{5bc37e12-9490-4cc1-8012-61bde749f755}</UniqueIdentifier>
    </Filter>
  </ItemGroup>
  <ItemGroup>
    <ClInclude Include="..\DcmJpeg2000Codec.h">
      <Filter>Header Files</Filter>
    </ClInclude>
    <ClInclude Include="..\DcmJpegCodec.h">
      <Filter>Header Files</Filter>
    </ClInclude>
    <ClInclude Include="..\DcmJpegLsCodec.h">
      <Filter>Header Files</Filter>
    </ClInclude>
    <ClInclude Include="..\DcmJpegParameters.h">
      <Filter>Header Files</Filter>
    </ClInclude>
    <ClInclude Include="..\JpegCodec.h">
      <Filter>Header Files</Filter>
    </ClInclude>
    <ClInclude Include="..\JpegHelper.h">
      <Filter>Header Files</Filter>
    </ClInclude>
    <ClInclude Include="..\OpenJPEG\bio.h">
      <Filter>Header Files\OpenJPEG</Filter>
    </ClInclude>
    <ClInclude Include="..\OpenJPEG\cio.h">
      <Filter>Header Files\OpenJPEG</Filter>
    </ClInclude>
    <ClInclude Include="..\OpenJPEG\dwt.h">
      <Filter>Header Files\OpenJPEG</Filter>
    </ClInclude>
    <ClInclude Include="..\OpenJPEG\event.h">
      <Filter>Header Files\OpenJPEG</Filter>
    </ClInclude>
    <ClInclude Include="..\OpenJPEG\fix.h">
      <Filter>Header Files\OpenJPEG</Filter>
    </ClInclude>
    <ClInclude Include="..\OpenJPEG\image.h">
      <Filter>Header Files\OpenJPEG</Filter>
    </ClInclude>
    <ClInclude Include="..\OpenJPEG\int.h">
      <Filter>Header Files\OpenJPEG</Filter>
    </ClInclude>
    <ClInclude Include="..\OpenJPEG\j2k.h">
      <Filter>Header Files\OpenJPEG</Filter>
    </ClInclude>
    <ClInclude Include="..\OpenJPEG\j2k_lib.h">
      <Filter>Header Files\OpenJPEG</Filter>
    </ClInclude>
    <ClInclude Include="..\OpenJPEG\jp2.h">
      <Filter>Header Files\OpenJPEG</Filter>
    </ClInclude>
    <ClInclude Include="..\OpenJPEG\jpt.h">
      <Filter>Header Files\OpenJPEG</Filter>
    </ClInclude>
    <ClInclude Include="..\OpenJPEG\mct.h">
      <Filter>Header Files\OpenJPEG</Filter>
    </ClInclude>
    <ClInclude Include="..\OpenJPEG\mqc.h">
      <Filter>Header Files\OpenJPEG</Filter>
    </ClInclude>
    <ClInclude Include="..\OpenJPEG\openjpeg.h">
      <Filter>Header Files\OpenJPEG</Filter>
    </ClInclude>
    <ClInclude Include="..\OpenJPEG\opj_includes.h">
      <Filter>Header Files\OpenJPEG</Filter>
    </ClInclude>
    <ClInclude Include="..\OpenJPEG\opj_malloc.h">
      <Filter>Header Files\OpenJPEG</Filter>
    </ClInclude>
    <ClInclude Include="..\OpenJPEG\pi.h">
      <Filter>Header Files\OpenJPEG</Filter>
    </ClInclude>
    <ClInclude Include="..\OpenJPEG\raw.h">
      <Filter>Header Files\OpenJPEG</Filter>
    </ClInclude>
    <ClInclude Include="..\OpenJPEG\t1.h">
      <Filter>Header Files\OpenJPEG</Filter>
    </ClInclude>
    <ClInclude Include="..\OpenJPEG\t1_luts.h">
      <Filter>Header Files\OpenJPEG</Filter>
    </ClInclude>
    <ClInclude Include="..\OpenJPEG\t2.h">
      <Filter>Header Files\OpenJPEG</Filter>
    </ClInclude>
    <ClInclude Include="..\OpenJPEG\tcd.h">
      <Filter>Header Files\OpenJPEG</Filter>
    </ClInclude>
    <ClInclude Include="..\OpenJPEG\tgt.h">
      <Filter>Header Files\OpenJPEG</Filter>
    </ClInclude>
    <ClInclude Include="..\CharLS\colortransform.h">
      <Filter>Header Files\CharLS</Filter>
    </ClInclude>
    <ClInclude Include="..\CharLS\config.h">
      <Filter>Header Files\CharLS</Filter>
    </ClInclude>
    <ClInclude Include="..\CharLS\context.h">
      <Filter>Header Files\CharLS</Filter>
    </ClInclude>
    <ClInclude Include="..\CharLS\contextrunmode.h">
      <Filter>Header Files\CharLS</Filter>
    </ClInclude>
    <ClInclude Include="..\CharLS\decoderstrategy.h">
      <Filter>Header Files\CharLS</Filter>
    </ClInclude>
    <ClInclude Include="..\CharLS\defaulttraits.h">
      <Filter>Header Files\CharLS</Filter>
    </ClInclude>
    <ClInclude Include="..\CharLS\encoderstrategy.h">
      <Filter>Header Files\CharLS</Filter>
    </ClInclude>
    <ClInclude Include="..\CharLS\header.h">
      <Filter>Header Files\CharLS</Filter>
    </ClInclude>
    <ClInclude Include="..\CharLS\interface.h">
      <Filter>Header Files\CharLS</Filter>
    </ClInclude>
    <ClInclude Include="..\CharLS\lookuptable.h">
      <Filter>Header Files\CharLS</Filter>
    </ClInclude>
    <ClInclude Include="..\CharLS\losslesstraits.h">
      <Filter>Header Files\CharLS</Filter>
    </ClInclude>
    <ClInclude Include="..\CharLS\processline.h">
      <Filter>Header Files\CharLS</Filter>
    </ClInclude>
    <ClInclude Include="..\CharLS\publictypes.h">
      <Filter>Header Files\CharLS</Filter>
    </ClInclude>
    <ClInclude Include="..\CharLS\scan.h">
      <Filter>Header Files\CharLS</Filter>
    </ClInclude>
    <ClInclude Include="..\CharLS\stdafx.h">
      <Filter>Header Files\CharLS</Filter>
    </ClInclude>
    <ClInclude Include="..\CharLS\streams.h">
      <Filter>Header Files\CharLS</Filter>
    </ClInclude>
    <ClInclude Include="..\CharLS\util.h">
      <Filter>Header Files\CharLS</Filter>
    </ClInclude>
  </ItemGroup>
  <ItemGroup>
    <None Include="..\JpegCodec.i">
      <Filter>Header Files</Filter>
    </None>
  </ItemGroup>
  <ItemGroup>
    <ClCompile Include="..\DcmJpeg2000Codec.cpp">
      <Filter>Source Files</Filter>
    </ClCompile>
    <ClCompile Include="..\DcmJpegCodec.cpp">
      <Filter>Source Files</Filter>
    </ClCompile>
    <ClCompile Include="..\DcmJpegLsCodec.cpp">
      <Filter>Source Files</Filter>
    </ClCompile>
    <ClCompile Include="..\Jpeg8Codec.cpp">
      <Filter>Source Files</Filter>
    </ClCompile>
    <ClCompile Include="..\Jpeg12Codec.cpp">
      <Filter>Source Files</Filter>
    </ClCompile>
    <ClCompile Include="..\Jpeg16Codec.cpp">
      <Filter>Source Files</Filter>
    </ClCompile>
    <ClCompile Include="..\OpenJPEG\bio.c">
      <Filter>Source Files\OpenJPEG</Filter>
    </ClCompile>
    <ClCompile Include="..\OpenJPEG\cio.c">
      <Filter>Source Files\OpenJPEG</Filter>
    </ClCompile>
    <ClCompile Include="..\OpenJPEG\dwt.c">
      <Filter>Source Files\OpenJPEG</Filter>
    </ClCompile>
    <ClCompile Include="..\OpenJPEG\jp2.c">
      <Filter>Source Files\OpenJPEG</Filter>
    </ClCompile>
    <ClCompile Include="..\OpenJPEG\event.c">
      <Filter>Source Files\OpenJPEG</Filter>
    </ClCompile>
    <ClCompile Include="..\OpenJPEG\image.c">
      <Filter>Source Files\OpenJPEG</Filter>
    </ClCompile>
    <ClCompile Include="..\OpenJPEG\j2k.c">
      <Filter>Source Files\OpenJPEG</Filter>
    </ClCompile>
    <ClCompile Include="..\OpenJPEG\j2k_lib.c">
      <Filter>Source Files\OpenJPEG</Filter>
    </ClCompile>
    <ClCompile Include="..\OpenJPEG\jpt.c">
      <Filter>Source Files\OpenJPEG</Filter>
    </ClCompile>
    <ClCompile Include="..\OpenJPEG\tgt.c">
      <Filter>Source Files\OpenJPEG</Filter>
    </ClCompile>
    <ClCompile Include="..\OpenJPEG\mct.c">
      <Filter>Source Files\OpenJPEG</Filter>
    </ClCompile>
    <ClCompile Include="..\OpenJPEG\mqc.c">
      <Filter>Source Files\OpenJPEG</Filter>
    </ClCompile>
    <ClCompile Include="..\OpenJPEG\openjpeg.c">
      <Filter>Source Files\OpenJPEG</Filter>
    </ClCompile>
    <ClCompile Include="..\OpenJPEG\pi.c">
      <Filter>Source Files\OpenJPEG</Filter>
    </ClCompile>
    <ClCompile Include="..\OpenJPEG\raw.c">
      <Filter>Source Files\OpenJPEG</Filter>
    </ClCompile>
    <ClCompile Include="..\OpenJPEG\t1.c">
      <Filter>Source Files\OpenJPEG</Filter>
    </ClCompile>
    <ClCompile Include="..\OpenJPEG\t2.c">
      <Filter>Source Files\OpenJPEG</Filter>
    </ClCompile>
    <ClCompile Include="..\OpenJPEG\tcd.c">
      <Filter>Source Files\OpenJPEG</Filter>
    </ClCompile>
    <ClCompile Include="..\CharLS\header.cpp">
      <Filter>Source Files\CharLS</Filter>
    </ClCompile>
    <ClCompile Include="..\CharLS\interface.cpp">
      <Filter>Source Files\CharLS</Filter>
    </ClCompile>
    <ClCompile Include="..\CharLS\jpegls.cpp">
      <Filter>Source Files\CharLS</Filter>
    </ClCompile>
    <ClCompile Include="..\CharLS\stdafx.cpp">
      <Filter>Source Files\CharLS</Filter>
    </ClCompile>
  </ItemGroup>
</Project>